{
  "requires": true,
  "lockfileVersion": 1,
  "dependencies": {
    "vanilla-framework": {
      "version": "2.28.0",
      "resolved": "https://registry.npmjs.org/vanilla-framework/-/vanilla-framework-2.28.0.tgz",
      "integrity": "sha512-EjrPn1sBFRZ+e6OyVgDIl8Nvdb3xxihodTD+L/FgQSiJJREGLmLjC+NZhq4xziNgHedzDZbIC8Qlx8B4SIo41g=="
    }
  }
}
